
Microsoft Visual Studio Solution File, Format Version 12.00
# Visual Studio Version 17
VisualStudioVersion = 17.8.34601.278
MinimumVisualStudioVersion = 10.0.40219.1
Project("{9A19103F-16F7-4668-BE54-9A1E7A4F7556}") = "TinyExcel", "TinyExcel\TinyExcel.csproj", "{D1CAD9C7-5372-4443-A1C7-A084949AD7E4}"
EndProject
Global
	GlobalSection(SolutionConfigurationPlatforms) = preSolution
		Debug|Any CPU = Debug|Any CPU
		Release|Any CPU = Release|Any CPU
	EndGlobalSection
	GlobalSection(ProjectConfigurationPlatforms) = postSolution
		{D1CAD9C7-5372-4443-A1C7-A084949AD7E4}.Debug|Any CPU.ActiveCfg = Debug|Any CPU
		{D1CAD9C7-5372-4443-A1C7-A084949AD7E4}.Debug|Any CPU.Build.0 = Debug|Any CPU
		{D1CAD9C7-5372-4443-A1C7-A084949AD7E4}.Release|Any CPU.ActiveCfg = Release|Any CPU
		{D1CAD9C7-5372-4443-A1C7-A084949AD7E4}.Release|Any CPU.Build.0 = Release|Any CPU
	EndGlobalSection
	GlobalSection(SolutionProperties) = preSolution
		HideSolutionNode = FALSE
	EndGlobalSection
	GlobalSection(ExtensibilityGlobals) = postSolution
		SolutionGuid = {7DF6E970-DE34-4E7A-87EB-ABAC9E02079A}
	EndGlobalSection
EndGlobal
